hash: e78b6a3a3569c7b735e2104df438473e38c6cede5a31a12cfdd8386b7edb8909
updated: 2018-12-12T23:46:15.616306+03:00
imports:
- name: github.com/aokoli/goutils
  version: 41ac8693c5c10a92ea1ff5ac3a7f95646f6123b0
- name: github.com/google/uuid
  version: 064e2069ce9c359c118179501254f67d7d37ba24
- name: github.com/huandu/xstrings
  version: 8bbcf2f9ccb55755e748b7644164cd4bdce94c1d
- name: github.com/imdario/mergo
  version: 7fe0c75c13abdee74b09fcacef5ea1c6bba6a874
- name: github.com/Masterminds/goutils
  version: 3391d3790d23d03408670993e957e8f408993c34
- name: github.com/Masterminds/semver
  version: 59c29afe1a994eacb71c833025ca7acf874bb1da
- name: github.com/spf13/cast
  version: 8c9545af88b134710ab1cd196795e7f2388358d7
- name: github.com/stretchr/testify
  version: 5b93e2dc01fd8fbf32aa74a198b0ebe78f6f6b6f
  subpackages:
  - assert
- name: golang.org/x/crypto
  version: 505ab145d0a99da450461ae2c1a9f6cd10d1f447
  subpackages:
  - pbkdf2
  - scrypt
testImports:
- name: github.com/davecgh/go-spew
  version: d8f796af33cc11cb798c1aaeb27a4ebc5099927d
  subpackages:
  - spew
- name: github.com/pmezard/go-difflib
  version: 792786c7400a136282c1664665ae0a8db921c6c2
  subpackages:
  - difflib
